
Microsoft Visual Studio Solution File, Format Version 11.00
# Visual C++ Express 2010
Project("{8BC9CEB8-8B4A-11D0-8D11-00A0C91BC942}") = "TetriCycle", "TetriCycle.vcxproj", "{CCB99DB6-8338-4391-8129-7F56BB131E62}"
EndProject
Global
	GlobalSection(SolutionConfigurationPlatforms) = preSolution
		Debug|Win32 = Debug|Win32
		Release|Win32 = Release|Win32
	EndGlobalSection
	GlobalSection(ProjectConfigurationPlatforms) = postSolution
		{CCB99DB6-8338-4391-8129-7F56BB131E62}.Debug|Win32.ActiveCfg = Debug|Win32
		{CCB99DB6-8338-4391-8129-7F56BB131E62}.Debug|Win32.Build.0 = Debug|Win32
		{CCB99DB6-8338-4391-8129-7F56BB131E62}.Release|Win32.ActiveCfg = Release|Win32
		{CCB99DB6-8338-4391-8129-7F56BB131E62}.Release|Win32.Build.0 = Release|Win32
	EndGlobalSection
	GlobalSection(SolutionProperties) = preSolution
		HideSolutionNode = FALSE
	EndGlobalSection
EndGlobal
